
Microsoft Visual Studio Solution File, Format Version 12.00
# Visual Studio Version 17
VisualStudioVersion = 17.7.34031.279
MinimumVisualStudioVersion = 10.0.40219.1
Project("{FAE04EC0-301F-11D3-BF4B-00C04F79EFBC}") = "BookingManagement.Core", "BookingManagement.Core\BookingManagement.Core.csproj", "{E287B6D1-1999-4BA4-A787-681B4D275C86}"
EndProject
Project("{FAE04EC0-301F-11D3-BF4B-00C04F79EFBC}") = "BookingManagement.Repository", "BookingManagement.Repository\BookingManagement.Repository.csproj", "{86A100DD-31FC-48DA-BD4E-2B2EBDCE9267}"
EndProject
Project("{FAE04EC0-301F-11D3-BF4B-00C04F79EFBC}") = "BookingManagement.Service", "BookingManagement.Service\BookingManagement.Service.csproj", "{1763A31D-E6BA-4B83-B686-A501085BD1CF}"
EndProject
Project("{FAE04EC0-301F-11D3-BF4B-00C04F79EFBC}") = "BookingManagement.API", "BookingManagement.API\BookingManagement.API.csproj", "{E26E633F-977E-4FBF-A620-6D823BBA4542}"
EndProject
Global
	GlobalSection(SolutionConfigurationPlatforms) = preSolution
		Debug|Any CPU = Debug|Any CPU
		Release|Any CPU = Release|Any CPU
	EndGlobalSection
	GlobalSection(ProjectConfigurationPlatforms) = postSolution
		{E287B6D1-1999-4BA4-A787-681B4D275C86}.Debug|Any CPU.ActiveCfg = Debug|Any CPU
		{E287B6D1-1999-4BA4-A787-681B4D275C86}.Debug|Any CPU.Build.0 = Debug|Any CPU
		{E287B6D1-1999-4BA4-A787-681B4D275C86}.Release|Any CPU.ActiveCfg = Release|Any CPU
		{E287B6D1-1999-4BA4-A787-681B4D275C86}.Release|Any CPU.Build.0 = Release|Any CPU
		{86A100DD-31FC-48DA-BD4E-2B2EBDCE9267}.Debug|Any CPU.ActiveCfg = Debug|Any CPU
		{86A100DD-31FC-48DA-BD4E-2B2EBDCE9267}.Debug|Any CPU.Build.0 = Debug|Any CPU
		{86A100DD-31FC-48DA-BD4E-2B2EBDCE9267}.Release|Any CPU.ActiveCfg = Release|Any CPU
		{86A100DD-31FC-48DA-BD4E-2B2EBDCE9267}.Release|Any CPU.Build.0 = Release|Any CPU
		{1763A31D-E6BA-4B83-B686-A501085BD1CF}.Debug|Any CPU.ActiveCfg = Debug|Any CPU
		{1763A31D-E6BA-4B83-B686-A501085BD1CF}.Debug|Any CPU.Build.0 = Debug|Any CPU
		{1763A31D-E6BA-4B83-B686-A501085BD1CF}.Release|Any CPU.ActiveCfg = Release|Any CPU
		{1763A31D-E6BA-4B83-B686-A501085BD1CF}.Release|Any CPU.Build.0 = Release|Any CPU
		{E26E633F-977E-4FBF-A620-6D823BBA4542}.Debug|Any CPU.ActiveCfg = Debug|Any CPU
		{E26E633F-977E-4FBF-A620-6D823BBA4542}.Debug|Any CPU.Build.0 = Debug|Any CPU
		{E26E633F-977E-4FBF-A620-6D823BBA4542}.Release|Any CPU.ActiveCfg = Release|Any CPU
		{E26E633F-977E-4FBF-A620-6D823BBA4542}.Release|Any CPU.Build.0 = Release|Any CPU
	EndGlobalSection
	GlobalSection(SolutionProperties) = preSolution
		HideSolutionNode = FALSE
	EndGlobalSection
	GlobalSection(ExtensibilityGlobals) = postSolution
		SolutionGuid = {A5FABB77-F2CA-46AA-97A8-7366A358E6A3}
	EndGlobalSection
EndGlobal
